
Microsoft Visual Studio Solution File, Format Version 12.00
# Visual Studio Version 17
VisualStudioVersion = 17.8.34322.80
MinimumVisualStudioVersion = 10.0.40219.1
Project("{FAE04EC0-301F-11D3-BF4B-00C04F79EFBC}") = "WeatherAPI", "WeatherAPI\WeatherAPI.csproj", "{5BE86DFC-E8AD-45C7-83CA-5785D1A1011F}"
EndProject
Global
	GlobalSection(SolutionConfigurationPlatforms) = preSolution
		Debug|Any CPU = Debug|Any CPU
		Release|Any CPU = Release|Any CPU
	EndGlobalSection
	GlobalSection(ProjectConfigurationPlatforms) = postSolution
		{5BE86DFC-E8AD-45C7-83CA-5785D1A1011F}.Debug|Any CPU.ActiveCfg = Debug|Any CPU
		{5BE86DFC-E8AD-45C7-83CA-5785D1A1011F}.Debug|Any CPU.Build.0 = Debug|Any CPU
		{5BE86DFC-E8AD-45C7-83CA-5785D1A1011F}.Release|Any CPU.ActiveCfg = Release|Any CPU
		{5BE86DFC-E8AD-45C7-83CA-5785D1A1011F}.Release|Any CPU.Build.0 = Release|Any CPU
	EndGlobalSection
	GlobalSection(SolutionProperties) = preSolution
		HideSolutionNode = FALSE
	EndGlobalSection
	GlobalSection(ExtensibilityGlobals) = postSolution
		SolutionGuid = {D1B88D66-59E3-4990-84C9-31DA03D724D2}
	EndGlobalSection
EndGlobal
